
Microsoft Visual Studio Solution File, Format Version 12.00
# Visual Studio 15
VisualStudioVersion = 15.0.26124.0
MinimumVisualStudioVersion = 15.0.26124.0
Project("{FAE04EC0-301F-11D3-BF4B-00C04F79EFBC}") = "Ordenamiento", "Ordenamiento\Ordenamiento.csproj", "{2F288749-025B-49F2-B9E6-2FD51E9FBB65}"
EndProject
Project("{FAE04EC0-301F-11D3-BF4B-00C04F79EFBC}") = "Ordenamiento.Pruebas", "Ordenamiento.Pruebas\Ordenamiento.Pruebas.csproj", "{C8BBC617-C2A9-4386-9C76-B99DDFBA1356}"
EndProject
Global
	GlobalSection(SolutionConfigurationPlatforms) = preSolution
		Debug|Any CPU = Debug|Any CPU
		Debug|x64 = Debug|x64
		Debug|x86 = Debug|x86
		Release|Any CPU = Release|Any CPU
		Release|x64 = Release|x64
		Release|x86 = Release|x86
	EndGlobalSection
	GlobalSection(SolutionProperties) = preSolution
		HideSolutionNode = FALSE
	EndGlobalSection
	GlobalSection(ProjectConfigurationPlatforms) = postSolution
		{2F288749-025B-49F2-B9E6-2FD51E9FBB65}.Debug|Any CPU.ActiveCfg = Debug|Any CPU
		{2F288749-025B-49F2-B9E6-2FD51E9FBB65}.Debug|Any CPU.Build.0 = Debug|Any CPU
		{2F288749-025B-49F2-B9E6-2FD51E9FBB65}.Debug|x64.ActiveCfg = Debug|Any CPU
		{2F288749-025B-49F2-B9E6-2FD51E9FBB65}.Debug|x64.Build.0 = Debug|Any CPU
		{2F288749-025B-49F2-B9E6-2FD51E9FBB65}.Debug|x86.ActiveCfg = Debug|Any CPU
		{2F288749-025B-49F2-B9E6-2FD51E9FBB65}.Debug|x86.Build.0 = Debug|Any CPU
		{2F288749-025B-49F2-B9E6-2FD51E9FBB65}.Release|Any CPU.ActiveCfg = Release|Any CPU
		{2F288749-025B-49F2-B9E6-2FD51E9FBB65}.Release|Any CPU.Build.0 = Release|Any CPU
		{2F288749-025B-49F2-B9E6-2FD51E9FBB65}.Release|x64.ActiveCfg = Release|Any CPU
		{2F288749-025B-49F2-B9E6-2FD51E9FBB65}.Release|x64.Build.0 = Release|Any CPU
		{2F288749-025B-49F2-B9E6-2FD51E9FBB65}.Release|x86.ActiveCfg = Release|Any CPU
		{2F288749-025B-49F2-B9E6-2FD51E9FBB65}.Release|x86.Build.0 = Release|Any CPU
		{C8BBC617-C2A9-4386-9C76-B99DDFBA1356}.Debug|Any CPU.ActiveCfg = Debug|Any CPU
		{C8BBC617-C2A9-4386-9C76-B99DDFBA1356}.Debug|Any CPU.Build.0 = Debug|Any CPU
		{C8BBC617-C2A9-4386-9C76-B99DDFBA1356}.Debug|x64.ActiveCfg = Debug|Any CPU
		{C8BBC617-C2A9-4386-9C76-B99DDFBA1356}.Debug|x64.Build.0 = Debug|Any CPU
		{C8BBC617-C2A9-4386-9C76-B99DDFBA1356}.Debug|x86.ActiveCfg = Debug|Any CPU
		{C8BBC617-C2A9-4386-9C76-B99DDFBA1356}.Debug|x86.Build.0 = Debug|Any CPU
		{C8BBC617-C2A9-4386-9C76-B99DDFBA1356}.Release|Any CPU.ActiveCfg = Release|Any CPU
		{C8BBC617-C2A9-4386-9C76-B99DDFBA1356}.Release|Any CPU.Build.0 = Release|Any CPU
		{C8BBC617-C2A9-4386-9C76-B99DDFBA1356}.Release|x64.ActiveCfg = Release|Any CPU
		{C8BBC617-C2A9-4386-9C76-B99DDFBA1356}.Release|x64.Build.0 = Release|Any CPU
		{C8BBC617-C2A9-4386-9C76-B99DDFBA1356}.Release|x86.ActiveCfg = Release|Any CPU
		{C8BBC617-C2A9-4386-9C76-B99DDFBA1356}.Release|x86.Build.0 = Release|Any CPU
	EndGlobalSection
EndGlobal
